// !$*UTF8*$!
{
	archiveVersion = 1;
	classes = {
	};
	objectVersion = 46;
	objects = {

/* Begin PBXBuildFile section */
		845F7FAB1A6129A100F8568D /* main.m in Sources */ = {isa = PBXBuildFile; fileRef = 845F7FAA1A6129A100F8568D /* main.m */; };
		845F7FAE1A6129A100F8568D /* AppDelegate.m in Sources */ = {isa = PBXBuildFile; fileRef = 845F7FAD1A6129A100F8568D /* AppDelegate.m */; };
		845F7FB11A6129A100F8568D /* ViewController.m in Sources */ = {isa = PBXBuildFile; fileRef = 845F7FB01A6129A100F8568D /* ViewController.m */; };
		845F7FB41A6129A100F8568D /* Main.storyboard in Resources */ = {isa = PBXBuildFile; fileRef = 845F7FB21A6129A100F8568D /* Main.storyboard */; };
		845F7FB61A6129A100F8568D /* Images.xcassets in Resources */ = {isa = PBXBuildFile; fileRef = 845F7FB51A6129A100F8568D /* Images.xcassets */; };
		845F7FB91A6129A100F8568D /* LaunchScreen.xib in Resources */ = {isa = PBXBuildFile; fileRef = 845F7FB71A6129A100F8568D /* LaunchScreen.xib */; };
		845F7FC51A6129A100F8568D /* ScratchViewTests.m in Sources */ = {isa = PBXBuildFile; fileRef = 845F7FC41A6129A100F8568D /* ScratchViewTests.m */; };
/* End PBXBuildFile section */

/* Begin PBXContainerItemProxy section */
		845F7FBF1A6129A100F8568D /* PBXContainerItemProxy */ = {
			isa = PBXContainerItemProxy;
			containerPortal = 845F7F9D1A6129A100F8568D /* Project object */;
			proxyType = 1;
			remoteGlobalIDString = 845F7FA41A6129A100F8568D;
			remoteInfo = ScratchView;
		};
/* End PBXContainerItemProxy section */

/* Begin PBXFileReference section */
		845F7FA51A6129A100F8568D /* ScratchView.app */ = {isa = PBXFileReference; explicitFileType = wrapper.application; includeInIndex = 0; path = ScratchView.app; sourceTree = BUILT_PRODUCTS_DIR; };
		845F7FA91A6129A100F8568D /* Info.plist */ = {isa = PBXFileReference; lastKnownFileType = text.plist.xml; path = Info.plist; sourceTree = "<group>"; };
		845F7FAA1A6129A100F8568D /* main.m */ = {isa = PBXFileReference; lastKnownFileType = sourcecode.c.objc; path = main.m; sourceTree = "<group>"; };
		845F7FAC1A6129A100F8568D /* AppDelegate.h */ = {isa = PBXFileReference; lastKnownFileType = sourcecode.c.h; path = AppDelegate.h; sourceTree = "<group>"; };
		845F7FAD1A6129A100F8568D /* AppDelegate.m */ = {isa = PBXFileReference; lastKnownFileType = sourcecode.c.objc; path = AppDelegate.m; sourceTree = "<group>"; };
		845F7FAF1A6129A100F8568D /* ViewController.h */ = {isa = PBXFileReference; lastKnownFileType = sourcecode.c.h; path = ViewController.h; sourceTree = "<group>"; };
		845F7FB01A6129A100F8568D /* ViewController.m */ = {isa = PBXFileReference; lastKnownFileType = sourcecode.c.objc; path = ViewController.m; sourceTree = "<group>"; };
		845F7FB31A6129A100F8568D /* Base */ = {isa = PBXFileReference; lastKnownFileType = file.storyboard; name = Base; path = Base.lproj/Main.storyboard; sourceTree = "<group>"; };
		845F7FB51A6129A100F8568D /* Images.xcassets */ = {isa = PBXFileReference; lastKnownFileType = folder.assetcatalog; path = Images.xcassets; sourceTree = "<group>"; };
		845F7FB81A6129A100F8568D /* Base */ = {isa = PBXFileReference; lastKnownFileType = file.xib; name = Base; path = Base.lproj/LaunchScreen.xib; sourceTree = "<group>"; };
		845F7FBE1A6129A100F8568D /* ScratchViewTests.xctest */ = {isa = PBXFileReference; explicitFileType = wrapper.cfbundle; includeInIndex = 0; path = ScratchViewTests.xctest; sourceTree = BUILT_PRODUCTS_DIR; };
		845F7FC31A6129A100F8568D /* Info.plist */ = {isa = PBXFileReference; lastKnownFileType = text.plist.xml; path = Info.plist; sourceTree = "<group>"; };
		845F7FC41A6129A100F8568D /* ScratchViewTests.m */ = {isa = PBXFileReference; lastKnownFileType = sourcecode.c.objc; path = ScratchViewTests.m; sourceTree = "<group>"; };
/* End PBXFileReference section */

/* Begin PBXFrameworksBuildPhase section */
		845F7FA21A6129A100F8568D /* Frameworks */ = {
			isa = PBXFrameworksBuildPhase;
			buildActionMask = 2147483647;
			files = (
			);
			runOnlyForDeploymentPostprocessing = 0;
		};
		845F7FBB1A6129A100F8568D /* Frameworks */ = {
			isa = PBXFrameworksBuildPhase;
			buildActionMask = 2147483647;
			files = (
			);
			runOnlyForDeploymentPostprocessing = 0;
		};
/* End PBXFrameworksBuildPhase section */

/* Begin PBXGroup section */
		845F7F9C1A6129A100F8568D = {
			isa = PBXGroup;
			children = (
				845F7FA71A6129A100F8568D /* ScratchView */,
				845F7FC11A6129A100F8568D /* ScratchViewTests */,
				845F7FA61A6129A100F8568D /* Products */,
			);
			sourceTree = "<group>";
		};
		845F7FA61A6129A100F8568D /* Products */ = {
			isa = PBXGroup;
			children = (
				845F7FA51A6129A100F8568D /* ScratchView.app */,
				845F7FBE1A6129A100F8568D /* ScratchViewTests.xctest */,
			);
			name = Products;
			sourceTree = "<group>";
		};
		845F7FA71A6129A100F8568D /* ScratchView */ = {
			isa = PBXGroup;
			children = (
				845F7FAC1A6129A100F8568D /* AppDelegate.h */,
				845F7FAD1A6129A100F8568D /* AppDelegate.m */,
				845F7FAF1A6129A100F8568D /* ViewController.h */,
				845F7FB01A6129A100F8568D /* ViewController.m */,
				845F7FB21A6129A100F8568D /* Main.storyboard */,
				845F7FB51A6129A100F8568D /* Images.xcassets */,
				845F7FB71A6129A100F8568D /* LaunchScreen.xib */,
				845F7FA81A6129A100F8568D /* Supporting Files */,
			);
			path = ScratchView;
			sourceTree = "<group>";
		};
		845F7FA81A6129A100F8568D /* Supporting Files */ = {
			isa = PBXGroup;
			children = (
				845F7FA91A6129A100F8568D /* Info.plist */,
				845F7FAA1A6129A100F8568D /* main.m */,
			);
			name = "Supporting Files";
			sourceTree = "<group>";
		};
		845F7FC11A6129A100F8568D /* ScratchViewTests */ = {
			isa = PBXGroup;
			children = (
				845F7FC41A6129A100F8568D /* ScratchViewTests.m */,
				845F7FC21A6129A100F8568D /* Supporting Files */,
			);
			path = ScratchViewTests;
			sourceTree = "<group>";
		};
		845F7FC21A6129A100F8568D /* Supporting Files */ = {
			isa = PBXGroup;
			children = (
				845F7FC31A6129A100F8568D /* Info.plist */,
			);
			name = "Supporting Files";
			sourceTree = "<group>";
		};
/* End PBXGroup section */

/* Begin PBXNativeTarget section */
		845F7FA41A6129A100F8568D /* ScratchView */ = {
			isa = PBXNativeTarget;
			buildConfigurationList = 845F7FC81A6129A100F8568D /* Build configuration list for PBXNativeTarget "ScratchView" */;
			buildPhases = (
				845F7FA11A6129A100F8568D /* Sources */,
				845F7FA21A6129A100F8568D /* Frameworks */,
				845F7FA31A6129A100F8568D /* Resources */,
			);
			buildRules = (
			);
			dependencies = (
			);
			name = ScratchView;
			productName = ScratchView;
			productReference = 845F7FA51A6129A100F8568D /* ScratchView.app */;
			productType = "com.apple.product-type.application";
		};
		845F7FBD1A6129A100F8568D /* ScratchViewTests */ = {
			isa = PBXNativeTarget;
			buildConfigurationList = 845F7FCB1A6129A100F8568D /* Build configuration list for PBXNativeTarget "ScratchViewTests" */;
			buildPhases = (
				845F7FBA1A6129A100F8568D /* Sources */,
				845F7FBB1A6129A100F8568D /* Frameworks */,
				845F7FBC1A6129A100F8568D /* Resources */,
			);
			buildRules = (
			);
			dependencies = (
				845F7FC01A6129A100F8568D /* PBXTargetDependency */,
			);
			name = ScratchViewTests;
			productName = ScratchViewTests;
			productReference = 845F7FBE1A6129A100F8568D /* ScratchViewTests.xctest */;
			productType = "com.apple.product-type.bundle.unit-test";
		};
/* End PBXNativeTarget section */

/* Begin PBXProject section */
		845F7F9D1A6129A100F8568D /* Project object */ = {
			isa = PBXProject;
			attributes = {
				LastUpgradeCheck = 0600;
				ORGANIZATIONNAME = sirko;
				TargetAttributes = {
					845F7FA41A6129A100F8568D = {
						CreatedOnToolsVersion = 6.0.1;
					};
					845F7FBD1A6129A100F8568D = {
						CreatedOnToolsVersion = 6.0.1;
						TestTargetID = 845F7FA41A6129A100F8568D;
					};
				};
			};
			buildConfigurationList = 845F7FA01A6129A100F8568D /* Build configuration list for PBXProject "ScratchView" */;
			compatibilityVersion = "Xcode 3.2";
			developmentRegion = English;
			hasScannedForEncodings = 0;
			knownRegions = (
				en,
				Base,
			);
			mainGroup = 845F7F9C1A6129A100F8568D;
			productRefGroup = 845F7FA61A6129A100F8568D /* Products */;
			projectDirPath = "";
			projectRoot = "";
			targets = (
				845F7FA41A6129A100F8568D /* ScratchView */,
				845F7FBD1A6129A100F8568D /* ScratchViewTests */,
			);
		};
/* End PBXProject section */

/* Begin PBXResourcesBuildPhase section */
		845F7FA31A6129A100F8568D /* Resources */ = {
			isa = PBXResourcesBuildPhase;
			buildActionMask = 2147483647;
			files = (
				845F7FB41A6129A100F8568D /* Main.storyboard in Resources */,
				845F7FB91A6129A100F8568D /* LaunchScreen.xib in Resources */,
				845F7FB61A6129A100F8568D /* Images.xcassets in Resources */,
			);
			runOnlyForDeploymentPostprocessing = 0;
		};
		845F7FBC1A6129A100F8568D /* Resources */ = {
			isa = PBXResourcesBuildPhase;
			buildActionMask = 2147483647;
			files = (
			);
			runOnlyForDeploymentPostprocessing = 0;
		};
/* End PBXResourcesBuildPhase section */

/* Begin PBXSourcesBuildPhase section */
		845F7FA11A6129A100F8568D /* Sources */ = {
			isa = PBXSourcesBuildPhase;
			buildActionMask = 2147483647;
			files = (
				845F7FB11A6129A100F8568D /* ViewController.m in Sources */,
				845F7FAE1A6129A100F8568D /* AppDelegate.m in Sources */,
				845F7FAB1A6129A100F8568D /* main.m in Sources */,
			);
			runOnlyForDeploymentPostprocessing = 0;
		};
		845F7FBA1A6129A100F8568D /* Sources */ = {
			isa = PBXSourcesBuildPhase;
			buildActionMask = 2147483647;
			files = (
				845F7FC51A6129A100F8568D /* ScratchViewTests.m in Sources */,
			);
			runOnlyForDeploymentPostprocessing = 0;
		};
/* End PBXSourcesBuildPhase section */

/* Begin PBXTargetDependency section */
		845F7FC01A6129A100F8568D /* PBXTargetDependency */ = {
			isa = PBXTargetDependency;
			target = 845F7FA41A6129A100F8568D /* ScratchView */;
			targetProxy = 845F7FBF1A6129A100F8568D /* PBXContainerItemProxy */;
		};
/* End PBXTargetDependency section */

/* Begin PBXVariantGroup section */
		845F7FB21A6129A100F8568D /* Main.storyboard */ = {
			isa = PBXVariantGroup;
			children = (
				845F7FB31A6129A100F8568D /* Base */,
			);
			name = Main.storyboard;
			sourceTree = "<group>";
		};
		845F7FB71A6129A100F8568D /* LaunchScreen.xib */ = {
			isa = PBXVariantGroup;
			children = (
				845F7FB81A6129A100F8568D /* Base */,
			);
			name = LaunchScreen.xib;
			sourceTree = "<group>";
		};
/* End PBXVariantGroup section */

/* Begin XCBuildConfiguration section */
		845F7FC61A6129A100F8568D /* Debug */ = {
			isa = XCBuildConfiguration;
			buildSettings = {
				ALWAYS_SEARCH_USER_PATHS = NO;
				CLANG_CXX_LANGUAGE_STANDARD = "gnu++0x";
				CLANG_CXX_LIBRARY = "libc++";
				CLANG_ENABLE_MODULES = YES;
				CLANG_ENABLE_OBJC_ARC = YES;
				CLANG_WARN_BOOL_CONVERSION = YES;
				CLANG_WARN_CONSTANT_CONVERSION = YES;
				CLANG_WARN_DIRECT_OBJC_ISA_USAGE = YES_ERROR;
				CLANG_WARN_EMPTY_BODY = YES;
				CLANG_WARN_ENUM_CONVERSION = YES;
				CLANG_WARN_INT_CONVERSION = YES;
				CLANG_WARN_OBJC_ROOT_CLASS = YES_ERROR;
				CLANG_WARN_UNREACHABLE_CODE = YES;
				CLANG_WARN__DUPLICATE_METHOD_MATCH = YES;
				"CODE_SIGN_IDENTITY[sdk=iphoneos*]" = "iPhone Developer";
				COPY_PHASE_STRIP = NO;
				ENABLE_STRICT_OBJC_MSGSEND = YES;
				GCC_C_LANGUAGE_STANDARD = gnu99;
				GCC_DYNAMIC_NO_PIC = NO;
				GCC_OPTIMIZATION_LEVEL = 0;
				GCC_PREPROCESSOR_DEFINITIONS = (
					"DEBUG=1",
					"$(inherited)",
				);
				GCC_SYMBOLS_PRIVATE_EXTERN = NO;
				GCC_WARN_64_TO_32_BIT_CONVERSION = YES;
				GCC_WARN_ABOUT_RETURN_TYPE = YES_ERROR;
				GCC_WARN_UNDECLARED_SELECTOR = YES;
				GCC_WARN_UNINITIALIZED_AUTOS = YES_AGGRESSIVE;
				GCC_WARN_UNUSED_FUNCTION = YES;
				GCC_WARN_UNUSED_VARIABLE = YES;
				IPHONEOS_DEPLOYMENT_TARGET = 8.0;
				MTL_ENABLE_DEBUG_INFO = YES;
				ONLY_ACTIVE_ARCH = YES;
				SDKROOT = iphoneos;
				TARGETED_DEVICE_FAMILY = "1,2";
			};
			name = Debug;
		};
		845F7FC71A6129A100F8568D /* Release */ = {
			isa = XCBuildConfiguration;
			buildSettings = {
				ALWAYS_SEARCH_USER_PATHS = NO;
				CLANG_CXX_LANGUAGE_STANDARD = "gnu++0x";
				CLANG_CXX_LIBRARY = "libc++";
				CLANG_ENABLE_MODULES = YES;
				CLANG_ENABLE_OBJC_ARC = YES;
				CLANG_WARN_BOOL_CONVERSION = YES;
				CLANG_WARN_CONSTANT_CONVERSION = YES;
				CLANG_WARN_DIRECT_OBJC_ISA_USAGE = YES_ERROR;
				CLANG_WARN_EMPTY_BODY = YES;
				CLANG_WARN_ENUM_CONVERSION = YES;
				CLANG_WARN_INT_CONVERSION = YES;
				CLANG_WARN_OBJC_ROOT_CLASS = YES_ERROR;
				CLANG_WARN_UNREACHABLE_CODE = YES;
				CLANG_WARN__DUPLICATE_METHOD_MATCH = YES;
				"CODE_SIGN_IDENTITY[sdk=iphoneos*]" = "iPhone Developer";
				COPY_PHASE_STRIP = YES;
				ENABLE_NS_ASSERTIONS = NO;
				ENABLE_STRICT_OBJC_MSGSEND = YES;
				GCC_C_LANGUAGE_STANDARD = gnu99;
				GCC_WARN_64_TO_32_BIT_CONVERSION = YES;
				GCC_WARN_ABOUT_RETURN_TYPE = YES_ERROR;
				GCC_WARN_UNDECLARED_SELECTOR = YES;
				GCC_WARN_UNINITIALIZED_AUTOS = YES_AGGRESSIVE;
				GCC_WARN_UNUSED_FUNCTION = YES;
				GCC_WARN_UNUSED_VARIABLE = YES;
				IPHONEOS_DEPLOYMENT_TARGET = 8.0;
				MTL_ENABLE_DEBUG_INFO = NO;
				SDKROOT = iphoneos;
				TARGETED_DEVICE_FAMILY = "1,2";
				VALIDATE_PRODUCT = YES;
			};
			name = Release;
		};
		845F7FC91A6129A100F8568D /* Debug */ = {
			isa = XCBuildConfiguration;
			buildSettings = {
				ASSETCATALOG_COMPILER_APPICON_NAME = AppIcon;
				INFOPLIST_FILE = ScratchView/Info.plist;
				LD_RUNPATH_SEARCH_PATHS = "$(inherited) @executable_path/Frameworks";
				PRODUCT_NAME = "$(TARGET_NAME)";
			};
			name = Debug;
		};
		845F7FCA1A6129A100F8568D /* Release */ = {
			isa = XCBuildConfiguration;
			buildSettings = {
				ASSETCATALOG_COMPILER_APPICON_NAME = AppIcon;
				INFOPLIST_FILE = ScratchView/Info.plist;
				LD_RUNPATH_SEARCH_PATHS = "$(inherited) @executable_path/Frameworks";
				PRODUCT_NAME = "$(TARGET_NAME)";
			};
			name = Release;
		};
		845F7FCC1A6129A100F8568D /* Debug */ = {
			isa = XCBuildConfiguration;
			buildSettings = {
				BUNDLE_LOADER = "$(TEST_HOST)";
				FRAMEWORK_SEARCH_PATHS = (
					"$(SDKROOT)/Developer/Library/Frameworks",
					"$(inherited)",
				);
				GCC_PREPROCESSOR_DEFINITIONS = (
					"DEBUG=1",
					"$(inherited)",
				);
				INFOPLIST_FILE = ScratchViewTests/Info.plist;
				LD_RUNPATH_SEARCH_PATHS = "$(inherited) @executable_path/Frameworks @loader_path/Frameworks";
				PRODUCT_NAME = "$(TARGET_NAME)";
				TEST_HOST = "$(BUILT_PRODUCTS_DIR)/ScratchView.app/ScratchView";
			};
			name = Debug;
		};
		845F7FCD1A6129A100F8568D /* Release */ = {
			isa = XCBuildConfiguration;
			buildSettings = {
				BUNDLE_LOADER = "$(TEST_HOST)";
				FRAMEWORK_SEARCH_PATHS = (
					"$(SDKROOT)/Developer/Library/Frameworks",
					"$(inherited)",
				);
				INFOPLIST_FILE = ScratchViewTests/Info.plist;
				LD_RUNPATH_SEARCH_PATHS = "$(inherited) @executable_path/Frameworks @loader_path/Frameworks";
				PRODUCT_NAME = "$(TARGET_NAME)";
				TEST_HOST = "$(BUILT_PRODUCTS_DIR)/ScratchView.app/ScratchView";
			};
			name = Release;
		};
/* End XCBuildConfiguration section */

/* Begin XCConfigurationList section */
		845F7FA01A6129A100F8568D /* Build configuration list for PBXProject "ScratchView" */ = {
			isa = XCConfigurationList;
			buildConfigurations = (
				845F7FC61A6129A100F8568D /* Debug */,
				845F7FC71A6129A100F8568D /* Release */,
			);
			defaultConfigurationIsVisible = 0;
			defaultConfigurationName = Release;
		};
		845F7FC81A6129A100F8568D /* Build configuration list for PBXNativeTarget "ScratchView" */ = {
			isa = XCConfigurationList;
			buildConfigurations = (
				845F7FC91A6129A100F8568D /* Debug */,
				845F7FCA1A6129A100F8568D /* Release */,
			);
			defaultConfigurationIsVisible = 0;
		};
		845F7FCB1A6129A100F8568D /* Build configuration list for PBXNativeTarget "ScratchViewTests" */ = {
			isa = XCConfigurationList;
			buildConfigurations = (
				845F7FCC1A6129A100F8568D /* Debug */,
				845F7FCD1A6129A100F8568D /* Release */,
			);
			defaultConfigurationIsVisible = 0;
		};
/* End XCConfigurationList section */
	};
	rootObject = 845F7F9D1A6129A100F8568D /* Project object */;
}
